
Microsoft Visual Studio Solution File, Format Version 12.00
# Visual Studio 15
VisualStudioVersion = 15.0.28010.0
MinimumVisualStudioVersion = 10.0.40219.1
Project("{FAE04EC0-301F-11D3-BF4B-00C04F79EFBC}") = "EmpOperation", "EmpOperation\EmpOperation.csproj", "{2763697E-2402-440A-A138-8B4BD2C984E5}"
EndProject
Global
	GlobalSection(SolutionConfigurationPlatforms) = preSolution
		Debug|Any CPU = Debug|Any CPU
		Release|Any CPU = Release|Any CPU
	EndGlobalSection
	GlobalSection(ProjectConfigurationPlatforms) = postSolution
		{2763697E-2402-440A-A138-8B4BD2C984E5}.Debug|Any CPU.ActiveCfg = Debug|Any CPU
		{2763697E-2402-440A-A138-8B4BD2C984E5}.Debug|Any CPU.Build.0 = Debug|Any CPU
		{2763697E-2402-440A-A138-8B4BD2C984E5}.Release|Any CPU.ActiveCfg = Release|Any CPU
		{2763697E-2402-440A-A138-8B4BD2C984E5}.Release|Any CPU.Build.0 = Release|Any CPU
	EndGlobalSection
	GlobalSection(SolutionProperties) = preSolution
		HideSolutionNode = FALSE
	EndGlobalSection
	GlobalSection(ExtensibilityGlobals) = postSolution
		SolutionGuid = {446D5E44-059F-4B90-9100-F1546A719357}
	EndGlobalSection
EndGlobal
